
Microsoft Visual Studio Solution File, Format Version 12.00
# Visual Studio Version 16
VisualStudioVersion = 16.0.30907.101
MinimumVisualStudioVersion = 10.0.40219.1
Project("{FAE04EC0-301F-11D3-BF4B-00C04F79EFBC}") = "Projeto_De_Cadastro", "Projeto_De_Cadastro.csproj", "{674A3999-1DBD-4ACE-9DA1-E4A39E053DBA}"
EndProject
Global
	GlobalSection(SolutionConfigurationPlatforms) = preSolution
		Debug|Any CPU = Debug|Any CPU
		Release|Any CPU = Release|Any CPU
	EndGlobalSection
	GlobalSection(ProjectConfigurationPlatforms) = postSolution
		{674A3999-1DBD-4ACE-9DA1-E4A39E053DBA}.Debug|Any CPU.ActiveCfg = Debug|Any CPU
		{674A3999-1DBD-4ACE-9DA1-E4A39E053DBA}.Debug|Any CPU.Build.0 = Debug|Any CPU
		{674A3999-1DBD-4ACE-9DA1-E4A39E053DBA}.Release|Any CPU.ActiveCfg = Release|Any CPU
		{674A3999-1DBD-4ACE-9DA1-E4A39E053DBA}.Release|Any CPU.Build.0 = Release|Any CPU
	EndGlobalSection
	GlobalSection(SolutionProperties) = preSolution
		HideSolutionNode = FALSE
	EndGlobalSection
	GlobalSection(ExtensibilityGlobals) = postSolution
		SolutionGuid = {90E3EC16-061E-4902-97F4-FC4AC3BE5F95}
	EndGlobalSection
EndGlobal
